
Microsoft Visual Studio Solution File, Format Version 12.00
# Visual Studio Version 17
VisualStudioVersion = 17.6.33723.286
MinimumVisualStudioVersion = 10.0.40219.1
Project("{9A19103F-16F7-4668-BE54-9A1E7A4F7556}") = "DiriWebPortal", "DiriWebPortal\DiriWebPortal.csproj", "{3A1C1186-DB2B-433C-8FD9-057E897AE8DC}"
EndProject
Project("{9A19103F-16F7-4668-BE54-9A1E7A4F7556}") = "DataAccess", "DataAccess\DataAccess.csproj", "{5BB366C0-8FC9-4429-92DF-C188290855D1}"
EndProject
Project("{9A19103F-16F7-4668-BE54-9A1E7A4F7556}") = "DiriWebAdmin", "DiriWebAdmin\DiriWebAdmin.csproj", "{3B9202C9-CB8B-4200-B158-9B99C3B34CB4}"
EndProject
Project("{9A19103F-16F7-4668-BE54-9A1E7A4F7556}") = "DiriAPI", "DiriAPI\DiriAPI.csproj", "{762A41B0-1271-4933-AAFA-475D1F84EE46}"
EndProject
Project("{9A19103F-16F7-4668-BE54-9A1E7A4F7556}") = "Domain", "Domain\Domain.csproj", "{CD27C404-A21A-4E06-B7D0-927309FCA8F0}"
EndProject
Project("{FAE04EC0-301F-11D3-BF4B-00C04F79EFBC}") = "DiriJournal", "DiriJournal\DiriJournal.csproj", "{831EF4EB-ED34-454E-B036-7C019792CB61}"
EndProject
Global
	GlobalSection(SolutionConfigurationPlatforms) = preSolution
		Debug|Any CPU = Debug|Any CPU
		Release|Any CPU = Release|Any CPU
	EndGlobalSection
	GlobalSection(ProjectConfigurationPlatforms) = postSolution
		{3A1C1186-DB2B-433C-8FD9-057E897AE8DC}.Debug|Any CPU.ActiveCfg = Debug|Any CPU
		{3A1C1186-DB2B-433C-8FD9-057E897AE8DC}.Debug|Any CPU.Build.0 = Debug|Any CPU
		{3A1C1186-DB2B-433C-8FD9-057E897AE8DC}.Release|Any CPU.ActiveCfg = Release|Any CPU
		{3A1C1186-DB2B-433C-8FD9-057E897AE8DC}.Release|Any CPU.Build.0 = Release|Any CPU
		{5BB366C0-8FC9-4429-92DF-C188290855D1}.Debug|Any CPU.ActiveCfg = Debug|Any CPU
		{5BB366C0-8FC9-4429-92DF-C188290855D1}.Debug|Any CPU.Build.0 = Debug|Any CPU
		{5BB366C0-8FC9-4429-92DF-C188290855D1}.Release|Any CPU.ActiveCfg = Release|Any CPU
		{5BB366C0-8FC9-4429-92DF-C188290855D1}.Release|Any CPU.Build.0 = Release|Any CPU
		{3B9202C9-CB8B-4200-B158-9B99C3B34CB4}.Debug|Any CPU.ActiveCfg = Debug|Any CPU
		{3B9202C9-CB8B-4200-B158-9B99C3B34CB4}.Debug|Any CPU.Build.0 = Debug|Any CPU
		{3B9202C9-CB8B-4200-B158-9B99C3B34CB4}.Release|Any CPU.ActiveCfg = Release|Any CPU
		{3B9202C9-CB8B-4200-B158-9B99C3B34CB4}.Release|Any CPU.Build.0 = Release|Any CPU
		{762A41B0-1271-4933-AAFA-475D1F84EE46}.Debug|Any CPU.ActiveCfg = Debug|Any CPU
		{762A41B0-1271-4933-AAFA-475D1F84EE46}.Debug|Any CPU.Build.0 = Debug|Any CPU
		{762A41B0-1271-4933-AAFA-475D1F84EE46}.Release|Any CPU.ActiveCfg = Release|Any CPU
		{762A41B0-1271-4933-AAFA-475D1F84EE46}.Release|Any CPU.Build.0 = Release|Any CPU
		{CD27C404-A21A-4E06-B7D0-927309FCA8F0}.Debug|Any CPU.ActiveCfg = Debug|Any CPU
		{CD27C404-A21A-4E06-B7D0-927309FCA8F0}.Debug|Any CPU.Build.0 = Debug|Any CPU
		{CD27C404-A21A-4E06-B7D0-927309FCA8F0}.Release|Any CPU.ActiveCfg = Release|Any CPU
		{CD27C404-A21A-4E06-B7D0-927309FCA8F0}.Release|Any CPU.Build.0 = Release|Any CPU
		{831EF4EB-ED34-454E-B036-7C019792CB61}.Debug|Any CPU.ActiveCfg = Debug|Any CPU
		{831EF4EB-ED34-454E-B036-7C019792CB61}.Debug|Any CPU.Build.0 = Debug|Any CPU
		{831EF4EB-ED34-454E-B036-7C019792CB61}.Release|Any CPU.ActiveCfg = Release|Any CPU
		{831EF4EB-ED34-454E-B036-7C019792CB61}.Release|Any CPU.Build.0 = Release|Any CPU
	EndGlobalSection
	GlobalSection(SolutionProperties) = preSolution
		HideSolutionNode = FALSE
	EndGlobalSection
	GlobalSection(ExtensibilityGlobals) = postSolution
		SolutionGuid = {539134CE-708C-4270-9FE5-FA441771DF7B}
	EndGlobalSection
EndGlobal
